
Microsoft Visual Studio Solution File, Format Version 12.00
# Visual Studio Version 16
VisualStudioVersion = 16.0.30330.147
MinimumVisualStudioVersion = 10.0.40219.1
Project("{FAE04EC0-301F-11D3-BF4B-00C04F79EFBC}") = "SocialNetEngineFed", "SocialNetEngineFed\SocialNetEngineFed.csproj", "{40BCC5C0-A263-4228-BCD1-FA90B83F6F47}"
EndProject
Global
	GlobalSection(SolutionConfigurationPlatforms) = preSolution
		Debug|Any CPU = Debug|Any CPU
		Release|Any CPU = Release|Any CPU
	EndGlobalSection
	GlobalSection(ProjectConfigurationPlatforms) = postSolution
		{40BCC5C0-A263-4228-BCD1-FA90B83F6F47}.Debug|Any CPU.ActiveCfg = Debug|Any CPU
		{40BCC5C0-A263-4228-BCD1-FA90B83F6F47}.Debug|Any CPU.Build.0 = Debug|Any CPU
		{40BCC5C0-A263-4228-BCD1-FA90B83F6F47}.Release|Any CPU.ActiveCfg = Release|Any CPU
		{40BCC5C0-A263-4228-BCD1-FA90B83F6F47}.Release|Any CPU.Build.0 = Release|Any CPU
	EndGlobalSection
	GlobalSection(SolutionProperties) = preSolution
		HideSolutionNode = FALSE
	EndGlobalSection
	GlobalSection(ExtensibilityGlobals) = postSolution
		SolutionGuid = {3950EFFC-8CC4-46E9-8709-9640C837630F}
	EndGlobalSection
EndGlobal
